
Microsoft Visual Studio Solution File, Format Version 12.00
# Visual Studio Version 17
VisualStudioVersion = 17.5.2.0
MinimumVisualStudioVersion = 10.0.40219.1
Project("{FAE04EC0-301F-11D3-BF4B-00C04F79EFBC}") = "Northwind.EntityModels.Sqlite", "Northwind.EntityModels.Sqlite\Northwind.EntityModels.Sqlite.csproj", "{1CCFE431-DCA5-7FF7-B68F-3D1B3A4D45D0}"
EndProject
Project("{FAE04EC0-301F-11D3-BF4B-00C04F79EFBC}") = "Northwind.Web", "Northwind.Web\Northwind.Web.csproj", "{AEE1600E-A9AE-448B-AAF7-02A47095A01B}"
EndProject
Project("{FAE04EC0-301F-11D3-BF4B-00C04F79EFBC}") = "Northwind.DataContext.Sqlite", "Northwind.DataContext.Sqlite\Northwind.DataContext.Sqlite.csproj", "{DC9B16E7-A58E-4AA1-AEE8-08BCDD6D68E6}"
EndProject
Project("{FAE04EC0-301F-11D3-BF4B-00C04F79EFBC}") = "Northwind.UnitTests", "Northwind.UnitTests\Northwind.UnitTests.csproj", "{E3732697-69D9-40A0-A3B7-BAC98041F12D}"
EndProject
Global
	GlobalSection(SolutionConfigurationPlatforms) = preSolution
		Debug|Any CPU = Debug|Any CPU
		Debug|x64 = Debug|x64
		Debug|x86 = Debug|x86
		Release|Any CPU = Release|Any CPU
		Release|x64 = Release|x64
		Release|x86 = Release|x86
	EndGlobalSection
	GlobalSection(ProjectConfigurationPlatforms) = postSolution
		{1CCFE431-DCA5-7FF7-B68F-3D1B3A4D45D0}.Debug|Any CPU.ActiveCfg = Debug|Any CPU
		{1CCFE431-DCA5-7FF7-B68F-3D1B3A4D45D0}.Debug|Any CPU.Build.0 = Debug|Any CPU
		{1CCFE431-DCA5-7FF7-B68F-3D1B3A4D45D0}.Debug|x64.ActiveCfg = Debug|Any CPU
		{1CCFE431-DCA5-7FF7-B68F-3D1B3A4D45D0}.Debug|x64.Build.0 = Debug|Any CPU
		{1CCFE431-DCA5-7FF7-B68F-3D1B3A4D45D0}.Debug|x86.ActiveCfg = Debug|Any CPU
		{1CCFE431-DCA5-7FF7-B68F-3D1B3A4D45D0}.Debug|x86.Build.0 = Debug|Any CPU
		{1CCFE431-DCA5-7FF7-B68F-3D1B3A4D45D0}.Release|Any CPU.ActiveCfg = Release|Any CPU
		{1CCFE431-DCA5-7FF7-B68F-3D1B3A4D45D0}.Release|Any CPU.Build.0 = Release|Any CPU
		{1CCFE431-DCA5-7FF7-B68F-3D1B3A4D45D0}.Release|x64.ActiveCfg = Release|Any CPU
		{1CCFE431-DCA5-7FF7-B68F-3D1B3A4D45D0}.Release|x64.Build.0 = Release|Any CPU
		{1CCFE431-DCA5-7FF7-B68F-3D1B3A4D45D0}.Release|x86.ActiveCfg = Release|Any CPU
		{1CCFE431-DCA5-7FF7-B68F-3D1B3A4D45D0}.Release|x86.Build.0 = Release|Any CPU
		{AEE1600E-A9AE-448B-AAF7-02A47095A01B}.Debug|Any CPU.ActiveCfg = Debug|Any CPU
		{AEE1600E-A9AE-448B-AAF7-02A47095A01B}.Debug|Any CPU.Build.0 = Debug|Any CPU
		{AEE1600E-A9AE-448B-AAF7-02A47095A01B}.Debug|x64.ActiveCfg = Debug|Any CPU
		{AEE1600E-A9AE-448B-AAF7-02A47095A01B}.Debug|x64.Build.0 = Debug|Any CPU
		{AEE1600E-A9AE-448B-AAF7-02A47095A01B}.Debug|x86.ActiveCfg = Debug|Any CPU
		{AEE1600E-A9AE-448B-AAF7-02A47095A01B}.Debug|x86.Build.0 = Debug|Any CPU
		{AEE1600E-A9AE-448B-AAF7-02A47095A01B}.Release|Any CPU.ActiveCfg = Release|Any CPU
		{AEE1600E-A9AE-448B-AAF7-02A47095A01B}.Release|Any CPU.Build.0 = Release|Any CPU
		{AEE1600E-A9AE-448B-AAF7-02A47095A01B}.Release|x64.ActiveCfg = Release|Any CPU
		{AEE1600E-A9AE-448B-AAF7-02A47095A01B}.Release|x64.Build.0 = Release|Any CPU
		{AEE1600E-A9AE-448B-AAF7-02A47095A01B}.Release|x86.ActiveCfg = Release|Any CPU
		{AEE1600E-A9AE-448B-AAF7-02A47095A01B}.Release|x86.Build.0 = Release|Any CPU
		{DC9B16E7-A58E-4AA1-AEE8-08BCDD6D68E6}.Debug|Any CPU.ActiveCfg = Debug|Any CPU
		{DC9B16E7-A58E-4AA1-AEE8-08BCDD6D68E6}.Debug|Any CPU.Build.0 = Debug|Any CPU
		{DC9B16E7-A58E-4AA1-AEE8-08BCDD6D68E6}.Debug|x64.ActiveCfg = Debug|Any CPU
		{DC9B16E7-A58E-4AA1-AEE8-08BCDD6D68E6}.Debug|x64.Build.0 = Debug|Any CPU
		{DC9B16E7-A58E-4AA1-AEE8-08BCDD6D68E6}.Debug|x86.ActiveCfg = Debug|Any CPU
		{DC9B16E7-A58E-4AA1-AEE8-08BCDD6D68E6}.Debug|x86.Build.0 = Debug|Any CPU
		{DC9B16E7-A58E-4AA1-AEE8-08BCDD6D68E6}.Release|Any CPU.ActiveCfg = Release|Any CPU
		{DC9B16E7-A58E-4AA1-AEE8-08BCDD6D68E6}.Release|Any CPU.Build.0 = Release|Any CPU
		{DC9B16E7-A58E-4AA1-AEE8-08BCDD6D68E6}.Release|x64.ActiveCfg = Release|Any CPU
		{DC9B16E7-A58E-4AA1-AEE8-08BCDD6D68E6}.Release|x64.Build.0 = Release|Any CPU
		{DC9B16E7-A58E-4AA1-AEE8-08BCDD6D68E6}.Release|x86.ActiveCfg = Release|Any CPU
		{DC9B16E7-A58E-4AA1-AEE8-08BCDD6D68E6}.Release|x86.Build.0 = Release|Any CPU
		{E3732697-69D9-40A0-A3B7-BAC98041F12D}.Debug|Any CPU.ActiveCfg = Debug|Any CPU
		{E3732697-69D9-40A0-A3B7-BAC98041F12D}.Debug|Any CPU.Build.0 = Debug|Any CPU
		{E3732697-69D9-40A0-A3B7-BAC98041F12D}.Debug|x64.ActiveCfg = Debug|Any CPU
		{E3732697-69D9-40A0-A3B7-BAC98041F12D}.Debug|x64.Build.0 = Debug|Any CPU
		{E3732697-69D9-40A0-A3B7-BAC98041F12D}.Debug|x86.ActiveCfg = Debug|Any CPU
		{E3732697-69D9-40A0-A3B7-BAC98041F12D}.Debug|x86.Build.0 = Debug|Any CPU
		{E3732697-69D9-40A0-A3B7-BAC98041F12D}.Release|Any CPU.ActiveCfg = Release|Any CPU
		{E3732697-69D9-40A0-A3B7-BAC98041F12D}.Release|Any CPU.Build.0 = Release|Any CPU
		{E3732697-69D9-40A0-A3B7-BAC98041F12D}.Release|x64.ActiveCfg = Release|Any CPU
		{E3732697-69D9-40A0-A3B7-BAC98041F12D}.Release|x64.Build.0 = Release|Any CPU
		{E3732697-69D9-40A0-A3B7-BAC98041F12D}.Release|x86.ActiveCfg = Release|Any CPU
		{E3732697-69D9-40A0-A3B7-BAC98041F12D}.Release|x86.Build.0 = Release|Any CPU
	EndGlobalSection
	GlobalSection(SolutionProperties) = preSolution
		HideSolutionNode = FALSE
	EndGlobalSection
	GlobalSection(ExtensibilityGlobals) = postSolution
		SolutionGuid = {C188E549-6AB4-4019-ADA5-DFB04038EBBC}
	EndGlobalSection
EndGlobal
